
Microsoft Visual Studio Solution File, Format Version 12.00
# Visual Studio Version 17
VisualStudioVersion = 17.14.36408.4 d17.14
MinimumVisualStudioVersion = 10.0.40219.1
Project("{FAE04EC0-301F-11D3-BF4B-00C04F79EFBC}") = "VocesDePapelV1.1", "VocesDePapelV1.1\VocesDePapelV1.1.csproj", "{74044B3D-4DBE-4567-BEE2-3A96D964FE46}"
EndProject
Global
	GlobalSection(SolutionConfigurationPlatforms) = preSolution
		Debug|Any CPU = Debug|Any CPU
		Release|Any CPU = Release|Any CPU
	EndGlobalSection
	GlobalSection(ProjectConfigurationPlatforms) = postSolution
		{74044B3D-4DBE-4567-BEE2-3A96D964FE46}.Debug|Any CPU.ActiveCfg = Debug|Any CPU
		{74044B3D-4DBE-4567-BEE2-3A96D964FE46}.Debug|Any CPU.Build.0 = Debug|Any CPU
		{74044B3D-4DBE-4567-BEE2-3A96D964FE46}.Release|Any CPU.ActiveCfg = Release|Any CPU
		{74044B3D-4DBE-4567-BEE2-3A96D964FE46}.Release|Any CPU.Build.0 = Release|Any CPU
	EndGlobalSection
	GlobalSection(SolutionProperties) = preSolution
		HideSolutionNode = FALSE
	EndGlobalSection
	GlobalSection(ExtensibilityGlobals) = postSolution
		SolutionGuid = {BC755276-AA41-47A4-9A01-02FE88B0A1F2}
	EndGlobalSection
EndGlobal
